
Microsoft Visual Studio Solution File, Format Version 12.00
# Visual Studio Version 17
VisualStudioVersion = 17.4.33213.308
MinimumVisualStudioVersion = 10.0.40219.1
Project("{FAE04EC0-301F-11D3-BF4B-00C04F79EFBC}") = "GuardiApp", "GuardiApp\GuardiApp.csproj", "{E6270C89-CB02-4DF1-8A5A-99CC58F0BEC7}"
EndProject
Global
	GlobalSection(SolutionConfigurationPlatforms) = preSolution
		Debug|Any CPU = Debug|Any CPU
		Release|Any CPU = Release|Any CPU
	EndGlobalSection
	GlobalSection(ProjectConfigurationPlatforms) = postSolution
		{E6270C89-CB02-4DF1-8A5A-99CC58F0BEC7}.Debug|Any CPU.ActiveCfg = Debug|Any CPU
		{E6270C89-CB02-4DF1-8A5A-99CC58F0BEC7}.Debug|Any CPU.Build.0 = Debug|Any CPU
		{E6270C89-CB02-4DF1-8A5A-99CC58F0BEC7}.Release|Any CPU.ActiveCfg = Release|Any CPU
		{E6270C89-CB02-4DF1-8A5A-99CC58F0BEC7}.Release|Any CPU.Build.0 = Release|Any CPU
	EndGlobalSection
	GlobalSection(SolutionProperties) = preSolution
		HideSolutionNode = FALSE
	EndGlobalSection
	GlobalSection(ExtensibilityGlobals) = postSolution
		SolutionGuid = {45C902C6-B9EE-4791-ACD8-C8186D16FB3D}
	EndGlobalSection
EndGlobal
