
Microsoft Visual Studio Solution File, Format Version 12.00
# Visual Studio Version 17
VisualStudioVersion = 17.4.33213.308
MinimumVisualStudioVersion = 10.0.40219.1
Project("{FAE04EC0-301F-11D3-BF4B-00C04F79EFBC}") = "UT5E05", "UT5E05\UT5E05.csproj", "{43B19426-B7BE-4972-AA2B-C2972B0A8469}"
EndProject
Global
	GlobalSection(SolutionConfigurationPlatforms) = preSolution
		Debug|Any CPU = Debug|Any CPU
		Release|Any CPU = Release|Any CPU
	EndGlobalSection
	GlobalSection(ProjectConfigurationPlatforms) = postSolution
		{43B19426-B7BE-4972-AA2B-C2972B0A8469}.Debug|Any CPU.ActiveCfg = Debug|Any CPU
		{43B19426-B7BE-4972-AA2B-C2972B0A8469}.Debug|Any CPU.Build.0 = Debug|Any CPU
		{43B19426-B7BE-4972-AA2B-C2972B0A8469}.Release|Any CPU.ActiveCfg = Release|Any CPU
		{43B19426-B7BE-4972-AA2B-C2972B0A8469}.Release|Any CPU.Build.0 = Release|Any CPU
	EndGlobalSection
	GlobalSection(SolutionProperties) = preSolution
		HideSolutionNode = FALSE
	EndGlobalSection
	GlobalSection(ExtensibilityGlobals) = postSolution
		SolutionGuid = {2F9CC53D-3713-4633-AC70-4DB5A621BBB3}
	EndGlobalSection
EndGlobal
