
Microsoft Visual Studio Solution File, Format Version 12.00
# Visual Studio Version 17
VisualStudioVersion = 17.3.32825.248
MinimumVisualStudioVersion = 10.0.40219.1
Project("{FAE04EC0-301F-11D3-BF4B-00C04F79EFBC}") = "P1_Aaron_Quintanal", "P1_Aaron_Quintanal\P1_Aaron_Quintanal.csproj", "{AD2F3B98-3641-4C52-8DD4-35A795D778D7}"
EndProject
Global
	GlobalSection(SolutionConfigurationPlatforms) = preSolution
		Debug|Any CPU = Debug|Any CPU
		Release|Any CPU = Release|Any CPU
	EndGlobalSection
	GlobalSection(ProjectConfigurationPlatforms) = postSolution
		{AD2F3B98-3641-4C52-8DD4-35A795D778D7}.Debug|Any CPU.ActiveCfg = Debug|Any CPU
		{AD2F3B98-3641-4C52-8DD4-35A795D778D7}.Debug|Any CPU.Build.0 = Debug|Any CPU
		{AD2F3B98-3641-4C52-8DD4-35A795D778D7}.Release|Any CPU.ActiveCfg = Release|Any CPU
		{AD2F3B98-3641-4C52-8DD4-35A795D778D7}.Release|Any CPU.Build.0 = Release|Any CPU
	EndGlobalSection
	GlobalSection(SolutionProperties) = preSolution
		HideSolutionNode = FALSE
	EndGlobalSection
	GlobalSection(ExtensibilityGlobals) = postSolution
		SolutionGuid = {D5310EF6-FE8B-4FBD-8B03-DD8D53A705F8}
	EndGlobalSection
EndGlobal
