
Microsoft Visual Studio Solution File, Format Version 12.00
# Visual Studio Version 17
VisualStudioVersion = 17.4.33103.184
MinimumVisualStudioVersion = 10.0.40219.1
Project("{FAE04EC0-301F-11D3-BF4B-00C04F79EFBC}") = "Neumatican", "Neumatican\Neumatican.csproj", "{F4A6D43A-36D7-49A6-AF71-F28F0AC46638}"
EndProject
Global
	GlobalSection(SolutionConfigurationPlatforms) = preSolution
		Debug|Any CPU = Debug|Any CPU
		Release|Any CPU = Release|Any CPU
	EndGlobalSection
	GlobalSection(ProjectConfigurationPlatforms) = postSolution
		{F4A6D43A-36D7-49A6-AF71-F28F0AC46638}.Debug|Any CPU.ActiveCfg = Debug|Any CPU
		{F4A6D43A-36D7-49A6-AF71-F28F0AC46638}.Debug|Any CPU.Build.0 = Debug|Any CPU
		{F4A6D43A-36D7-49A6-AF71-F28F0AC46638}.Release|Any CPU.ActiveCfg = Release|Any CPU
		{F4A6D43A-36D7-49A6-AF71-F28F0AC46638}.Release|Any CPU.Build.0 = Release|Any CPU
	EndGlobalSection
	GlobalSection(SolutionProperties) = preSolution
		HideSolutionNode = FALSE
	EndGlobalSection
	GlobalSection(ExtensibilityGlobals) = postSolution
		SolutionGuid = {8822C49A-5846-4B93-B667-B3D392FF5C45}
	EndGlobalSection
EndGlobal
