<<<<<<< HEAD
﻿
Microsoft Visual Studio Solution File, Format Version 12.00
# Visual Studio Version 17
VisualStudioVersion = 17.4.33103.184
MinimumVisualStudioVersion = 10.0.40219.1
Project("{FAE04EC0-301F-11D3-BF4B-00C04F79EFBC}") = "UT2E8", "UT2E8\UT2E8.csproj", "{B54DCA11-D08F-461C-9E1F-3B5D6012239E}"
EndProject
Global
	GlobalSection(SolutionConfigurationPlatforms) = preSolution
		Debug|Any CPU = Debug|Any CPU
		Release|Any CPU = Release|Any CPU
	EndGlobalSection
	GlobalSection(ProjectConfigurationPlatforms) = postSolution
		{B54DCA11-D08F-461C-9E1F-3B5D6012239E}.Debug|Any CPU.ActiveCfg = Debug|Any CPU
		{B54DCA11-D08F-461C-9E1F-3B5D6012239E}.Debug|Any CPU.Build.0 = Debug|Any CPU
		{B54DCA11-D08F-461C-9E1F-3B5D6012239E}.Release|Any CPU.ActiveCfg = Release|Any CPU
		{B54DCA11-D08F-461C-9E1F-3B5D6012239E}.Release|Any CPU.Build.0 = Release|Any CPU
	EndGlobalSection
	GlobalSection(SolutionProperties) = preSolution
		HideSolutionNode = FALSE
	EndGlobalSection
	GlobalSection(ExtensibilityGlobals) = postSolution
		SolutionGuid = {2367540E-CC9E-4FFE-8AA9-8E1B4DA7CE92}
	EndGlobalSection
EndGlobal
=======
﻿
Microsoft Visual Studio Solution File, Format Version 12.00
# Visual Studio Version 17
VisualStudioVersion = 17.4.33103.184
MinimumVisualStudioVersion = 10.0.40219.1
Project("{FAE04EC0-301F-11D3-BF4B-00C04F79EFBC}") = "UT2E8", "UT2E8\UT2E8.csproj", "{B54DCA11-D08F-461C-9E1F-3B5D6012239E}"
EndProject
Global
	GlobalSection(SolutionConfigurationPlatforms) = preSolution
		Debug|Any CPU = Debug|Any CPU
		Release|Any CPU = Release|Any CPU
	EndGlobalSection
	GlobalSection(ProjectConfigurationPlatforms) = postSolution
		{B54DCA11-D08F-461C-9E1F-3B5D6012239E}.Debug|Any CPU.ActiveCfg = Debug|Any CPU
		{B54DCA11-D08F-461C-9E1F-3B5D6012239E}.Debug|Any CPU.Build.0 = Debug|Any CPU
		{B54DCA11-D08F-461C-9E1F-3B5D6012239E}.Release|Any CPU.ActiveCfg = Release|Any CPU
		{B54DCA11-D08F-461C-9E1F-3B5D6012239E}.Release|Any CPU.Build.0 = Release|Any CPU
	EndGlobalSection
	GlobalSection(SolutionProperties) = preSolution
		HideSolutionNode = FALSE
	EndGlobalSection
	GlobalSection(ExtensibilityGlobals) = postSolution
		SolutionGuid = {2367540E-CC9E-4FFE-8AA9-8E1B4DA7CE92}
	EndGlobalSection
EndGlobal
>>>>>>> 7cd2f28877c92113fce0063e557bb9060cc28b21
